
Microsoft Visual Studio Solution File, Format Version 12.00
# Visual Studio Version 17
VisualStudioVersion = 17.2.32519.379
MinimumVisualStudioVersion = 10.0.40219.1
Project("{FAE04EC0-301F-11D3-BF4B-00C04F79EFBC}") = "PictureViewer", "PictureViewer\PictureViewer.csproj", "{CC348C75-8D46-46AD-A19E-507601DC7BA2}"
EndProject
Global
	GlobalSection(SolutionConfigurationPlatforms) = preSolution
		Debug|Any CPU = Debug|Any CPU
		Release|Any CPU = Release|Any CPU
	EndGlobalSection
	GlobalSection(ProjectConfigurationPlatforms) = postSolution
		{CC348C75-8D46-46AD-A19E-507601DC7BA2}.Debug|Any CPU.ActiveCfg = Debug|Any CPU
		{CC348C75-8D46-46AD-A19E-507601DC7BA2}.Debug|Any CPU.Build.0 = Debug|Any CPU
		{CC348C75-8D46-46AD-A19E-507601DC7BA2}.Release|Any CPU.ActiveCfg = Release|Any CPU
		{CC348C75-8D46-46AD-A19E-507601DC7BA2}.Release|Any CPU.Build.0 = Release|Any CPU
	EndGlobalSection
	GlobalSection(SolutionProperties) = preSolution
		HideSolutionNode = FALSE
	EndGlobalSection
	GlobalSection(ExtensibilityGlobals) = postSolution
		SolutionGuid = {396A03D8-E92F-4884-ACC8-9BFF496E03E0}
	EndGlobalSection
EndGlobal
